// !$*UTF8*$!
{
	archiveVersion = 1;
	classes = {
	};
	objectVersion = 56;
	objects = {

/* Begin PBXBuildFile section */
		106D015629851B9300BBB03E /* MapboxMaps in Frameworks */ = {isa = PBXBuildFile; productRef = 106D015529851B9300BBB03E /* MapboxMaps */; };
		106D015829851BB800BBB03E /* WorldMapView.swift in Sources */ = {isa = PBXBuildFile; fileRef = 106D015729851BB800BBB03E /* WorldMapView.swift */; };
		1099283529777AA100089FDA /* CovidTrackrApp.swift in Sources */ = {isa = PBXBuildFile; fileRef = 1099283429777AA100089FDA /* CovidTrackrApp.swift */; };
		1099283729777AA100089FDA /* ContentView.swift in Sources */ = {isa = PBXBuildFile; fileRef = 1099283629777AA100089FDA /* ContentView.swift */; };
		1099283929777AA200089FDA /* Assets.xcassets in Resources */ = {isa = PBXBuildFile; fileRef = 1099283829777AA200089FDA /* Assets.xcassets */; };
		1099283D29777AA300089FDA /* Preview Assets.xcassets in Resources */ = {isa = PBXBuildFile; fileRef = 1099283C29777AA300089FDA /* Preview Assets.xcassets */; };
		1099284729779B1F00089FDA /* CountryData.swift in Sources */ = {isa = PBXBuildFile; fileRef = 1099284629779B1F00089FDA /* CountryData.swift */; };
		1099284C2977A33000089FDA /* APIService.swift in Sources */ = {isa = PBXBuildFile; fileRef = 1099284B2977A33000089FDA /* APIService.swift */; };
		1099285029784E6700089FDA /* Timeline.swift in Sources */ = {isa = PBXBuildFile; fileRef = 1099284F29784E6700089FDA /* Timeline.swift */; };
		109928532978904000089FDA /* DashboardView.swift in Sources */ = {isa = PBXBuildFile; fileRef = 109928522978904000089FDA /* DashboardView.swift */; };
		1099285B297A414E00089FDA /* DashboardViewModel.swift in Sources */ = {isa = PBXBuildFile; fileRef = 1099285A297A414D00089FDA /* DashboardViewModel.swift */; };
		1099285F297A930C00089FDA /* LineChartView.swift in Sources */ = {isa = PBXBuildFile; fileRef = 1099285E297A930C00089FDA /* LineChartView.swift */; };
		10992861297A95D000089FDA /* BarChartView.swift in Sources */ = {isa = PBXBuildFile; fileRef = 10992860297A95D000089FDA /* BarChartView.swift */; };
		10A784F12982A99200C3F708 /* Utils.swift in Sources */ = {isa = PBXBuildFile; fileRef = 10A784F02982A99100C3F708 /* Utils.swift */; };
		10CC169E297DE50D0090B148 /* CountryListView.swift in Sources */ = {isa = PBXBuildFile; fileRef = 10CC169D297DE50D0090B148 /* CountryListView.swift */; };
		10CC16A1297DE9390090B148 /* RowData.swift in Sources */ = {isa = PBXBuildFile; fileRef = 10CC16A0297DE9390090B148 /* RowData.swift */; };
		10F672D5297FDE1C00E72C83 /* ModalView.swift in Sources */ = {isa = PBXBuildFile; fileRef = 10F672D4297FDE1C00E72C83 /* ModalView.swift */; };
/* End PBXBuildFile section */

/* Begin PBXFileReference section */
		106D015729851BB800BBB03E /* WorldMapView.swift */ = {isa = PBXFileReference; lastKnownFileType = sourcecode.swift; path = WorldMapView.swift; sourceTree = "<group>"; };
		106D015929851DE500BBB03E /* Info.plist */ = {isa = PBXFileReference; lastKnownFileType = text.plist; path = Info.plist; sourceTree = "<group>"; };
		1099283129777AA100089FDA /* CovidTrackr.app */ = {isa = PBXFileReference; explicitFileType = wrapper.application; includeInIndex = 0; path = CovidTrackr.app; sourceTree = BUILT_PRODUCTS_DIR; };
		1099283429777AA100089FDA /* CovidTrackrApp.swift */ = {isa = PBXFileReference; lastKnownFileType = sourcecode.swift; path = CovidTrackrApp.swift; sourceTree = "<group>"; };
		1099283629777AA100089FDA /* ContentView.swift */ = {isa = PBXFileReference; lastKnownFileType = sourcecode.swift; path = ContentView.swift; sourceTree = "<group>"; };
		1099283829777AA200089FDA /* Assets.xcassets */ = {isa = PBXFileReference; lastKnownFileType = folder.assetcatalog; path = Assets.xcassets; sourceTree = "<group>"; };
		1099283A29777AA200089FDA /* CovidTrackr.entitlements */ = {isa = PBXFileReference; lastKnownFileType = text.plist.entitlements; path = CovidTrackr.entitlements; sourceTree = "<group>"; };
		1099283C29777AA300089FDA /* Preview Assets.xcassets */ = {isa = PBXFileReference; lastKnownFileType = folder.assetcatalog; path = "Preview Assets.xcassets"; sourceTree = "<group>"; };
		1099284329777AE600089FDA /* README.md */ = {isa = PBXFileReference; lastKnownFileType = net.daringfireball.markdown; path = README.md; sourceTree = "<group>"; };
		1099284629779B1F00089FDA /* CountryData.swift */ = {isa = PBXFileReference; lastKnownFileType = sourcecode.swift; path = CountryData.swift; sourceTree = "<group>"; };
		1099284B2977A33000089FDA /* APIService.swift */ = {isa = PBXFileReference; lastKnownFileType = sourcecode.swift; path = APIService.swift; sourceTree = "<group>"; };
		1099284F29784E6700089FDA /* Timeline.swift */ = {isa = PBXFileReference; lastKnownFileType = sourcecode.swift; path = Timeline.swift; sourceTree = "<group>"; };
		109928522978904000089FDA /* DashboardView.swift */ = {isa = PBXFileReference; lastKnownFileType = sourcecode.swift; path = DashboardView.swift; sourceTree = "<group>"; };
		1099285A297A414D00089FDA /* DashboardViewModel.swift */ = {isa = PBXFileReference; lastKnownFileType = sourcecode.swift; path = DashboardViewModel.swift; sourceTree = "<group>"; };
		1099285E297A930C00089FDA /* LineChartView.swift */ = {isa = PBXFileReference; lastKnownFileType = sourcecode.swift; path = LineChartView.swift; sourceTree = "<group>"; };
		10992860297A95D000089FDA /* BarChartView.swift */ = {isa = PBXFileReference; lastKnownFileType = sourcecode.swift; path = BarChartView.swift; sourceTree = "<group>"; };
		10A784F02982A99100C3F708 /* Utils.swift */ = {isa = PBXFileReference; lastKnownFileType = sourcecode.swift; path = Utils.swift; sourceTree = "<group>"; };
		10CC169D297DE50D0090B148 /* CountryListView.swift */ = {isa = PBXFileReference; lastKnownFileType = sourcecode.swift; path = CountryListView.swift; sourceTree = "<group>"; };
		10CC16A0297DE9390090B148 /* RowData.swift */ = {isa = PBXFileReference; lastKnownFileType = sourcecode.swift; path = RowData.swift; sourceTree = "<group>"; };
		10F672D4297FDE1C00E72C83 /* ModalView.swift */ = {isa = PBXFileReference; lastKnownFileType = sourcecode.swift; path = ModalView.swift; sourceTree = "<group>"; };
/* End PBXFileReference section */

/* Begin PBXFrameworksBuildPhase section */
		1099282E29777AA100089FDA /* Frameworks */ = {
			isa = PBXFrameworksBuildPhase;
			buildActionMask = 2147483647;
			files = (
				106D015629851B9300BBB03E /* MapboxMaps in Frameworks */,
			);
			runOnlyForDeploymentPostprocessing = 0;
		};
/* End PBXFrameworksBuildPhase section */

/* Begin PBXGroup section */
		1099282829777AA100089FDA = {
			isa = PBXGroup;
			children = (
				1099284329777AE600089FDA /* README.md */,
				1099283329777AA100089FDA /* CovidTrackr */,
				1099283229777AA100089FDA /* Products */,
			);
			sourceTree = "<group>";
		};
		1099283229777AA100089FDA /* Products */ = {
			isa = PBXGroup;
			children = (
				1099283129777AA100089FDA /* CovidTrackr.app */,
			);
			name = Products;
			sourceTree = "<group>";
		};
		1099283329777AA100089FDA /* CovidTrackr */ = {
			isa = PBXGroup;
			children = (
				106D015929851DE500BBB03E /* Info.plist */,
				1099283429777AA100089FDA /* CovidTrackrApp.swift */,
				10A784EF2982A97700C3F708 /* Utils */,
				10CC169F297DE8EE0090B148 /* Models */,
				109928512978902100089FDA /* Views */,
				10992862297B441600089FDA /* View Models */,
				109928442977989B00089FDA /* APIService */,
				1099283629777AA100089FDA /* ContentView.swift */,
				1099283829777AA200089FDA /* Assets.xcassets */,
				1099283A29777AA200089FDA /* CovidTrackr.entitlements */,
				1099283B29777AA300089FDA /* Preview Content */,
			);
			path = CovidTrackr;
			sourceTree = "<group>";
		};
		1099283B29777AA300089FDA /* Preview Content */ = {
			isa = PBXGroup;
			children = (
				1099283C29777AA300089FDA /* Preview Assets.xcassets */,
			);
			path = "Preview Content";
			sourceTree = "<group>";
		};
		109928442977989B00089FDA /* APIService */ = {
			isa = PBXGroup;
			children = (
				10992845297798CC00089FDA /* Models */,
				1099284B2977A33000089FDA /* APIService.swift */,
			);
			path = APIService;
			sourceTree = "<group>";
		};
		10992845297798CC00089FDA /* Models */ = {
			isa = PBXGroup;
			children = (
				1099284629779B1F00089FDA /* CountryData.swift */,
				1099284F29784E6700089FDA /* Timeline.swift */,
			);
			path = Models;
			sourceTree = "<group>";
		};
		109928512978902100089FDA /* Views */ = {
			isa = PBXGroup;
			children = (
				109928522978904000089FDA /* DashboardView.swift */,
				106D015729851BB800BBB03E /* WorldMapView.swift */,
				10CC169D297DE50D0090B148 /* CountryListView.swift */,
				1099285E297A930C00089FDA /* LineChartView.swift */,
				10992860297A95D000089FDA /* BarChartView.swift */,
				10F672D4297FDE1C00E72C83 /* ModalView.swift */,
			);
			path = Views;
			sourceTree = "<group>";
		};
		10992862297B441600089FDA /* View Models */ = {
			isa = PBXGroup;
			children = (
				1099285A297A414D00089FDA /* DashboardViewModel.swift */,
			);
			path = "View Models";
			sourceTree = "<group>";
		};
		10A784EF2982A97700C3F708 /* Utils */ = {
			isa = PBXGroup;
			children = (
				10A784F02982A99100C3F708 /* Utils.swift */,
			);
			path = Utils;
			sourceTree = "<group>";
		};
		10CC169F297DE8EE0090B148 /* Models */ = {
			isa = PBXGroup;
			children = (
				10CC16A0297DE9390090B148 /* RowData.swift */,
			);
			path = Models;
			sourceTree = "<group>";
		};
/* End PBXGroup section */

/* Begin PBXNativeTarget section */
		1099283029777AA100089FDA /* CovidTrackr */ = {
			isa = PBXNativeTarget;
			buildConfigurationList = 1099284029777AA300089FDA /* Build configuration list for PBXNativeTarget "CovidTrackr" */;
			buildPhases = (
				1099282D29777AA100089FDA /* Sources */,
				1099282E29777AA100089FDA /* Frameworks */,
				1099282F29777AA100089FDA /* Resources */,
			);
			buildRules = (
			);
			dependencies = (
			);
			name = CovidTrackr;
			packageProductDependencies = (
				106D015529851B9300BBB03E /* MapboxMaps */,
			);
			productName = CovidTrackr;
			productReference = 1099283129777AA100089FDA /* CovidTrackr.app */;
			productType = "com.apple.product-type.application";
		};
/* End PBXNativeTarget section */

/* Begin PBXProject section */
		1099282929777AA100089FDA /* Project object */ = {
			isa = PBXProject;
			attributes = {
				BuildIndependentTargetsInParallel = 1;
				LastSwiftUpdateCheck = 1420;
				LastUpgradeCheck = 1420;
				TargetAttributes = {
					1099283029777AA100089FDA = {
						CreatedOnToolsVersion = 14.2;
					};
				};
			};
			buildConfigurationList = 1099282C29777AA100089FDA /* Build configuration list for PBXProject "CovidTrackr" */;
			compatibilityVersion = "Xcode 14.0";
			developmentRegion = en;
			hasScannedForEncodings = 0;
			knownRegions = (
				en,
				Base,
			);
			mainGroup = 1099282829777AA100089FDA;
			packageReferences = (
				106D015429851B9300BBB03E /* XCRemoteSwiftPackageReference "mapbox-maps-ios" */,
			);
			productRefGroup = 1099283229777AA100089FDA /* Products */;
			projectDirPath = "";
			projectRoot = "";
			targets = (
				1099283029777AA100089FDA /* CovidTrackr */,
			);
		};
/* End PBXProject section */

/* Begin PBXResourcesBuildPhase section */
		1099282F29777AA100089FDA /* Resources */ = {
			isa = PBXResourcesBuildPhase;
			buildActionMask = 2147483647;
			files = (
				1099283D29777AA300089FDA /* Preview Assets.xcassets in Resources */,
				1099283929777AA200089FDA /* Assets.xcassets in Resources */,
			);
			runOnlyForDeploymentPostprocessing = 0;
		};
/* End PBXResourcesBuildPhase section */

/* Begin PBXSourcesBuildPhase section */
		1099282D29777AA100089FDA /* Sources */ = {
			isa = PBXSourcesBuildPhase;
			buildActionMask = 2147483647;
			files = (
				1099285029784E6700089FDA /* Timeline.swift in Sources */,
				1099283729777AA100089FDA /* ContentView.swift in Sources */,
				10992861297A95D000089FDA /* BarChartView.swift in Sources */,
				10A784F12982A99200C3F708 /* Utils.swift in Sources */,
				1099284C2977A33000089FDA /* APIService.swift in Sources */,
				1099285B297A414E00089FDA /* DashboardViewModel.swift in Sources */,
				10CC169E297DE50D0090B148 /* CountryListView.swift in Sources */,
				106D015829851BB800BBB03E /* WorldMapView.swift in Sources */,
				10F672D5297FDE1C00E72C83 /* ModalView.swift in Sources */,
				1099284729779B1F00089FDA /* CountryData.swift in Sources */,
				1099283529777AA100089FDA /* CovidTrackrApp.swift in Sources */,
				10CC16A1297DE9390090B148 /* RowData.swift in Sources */,
				109928532978904000089FDA /* DashboardView.swift in Sources */,
				1099285F297A930C00089FDA /* LineChartView.swift in Sources */,
			);
			runOnlyForDeploymentPostprocessing = 0;
		};
/* End PBXSourcesBuildPhase section */

/* Begin XCBuildConfiguration section */
		1099283E29777AA300089FDA /* Debug */ = {
			isa = XCBuildConfiguration;
			buildSettings = {
				ALWAYS_SEARCH_USER_PATHS = NO;
				CLANG_ANALYZER_NONNULL = YES;
				CLANG_ANALYZER_NUMBER_OBJECT_CONVERSION = YES_AGGRESSIVE;
				CLANG_CXX_LANGUAGE_STANDARD = "gnu++20";
				CLANG_ENABLE_MODULES = YES;
				CLANG_ENABLE_OBJC_ARC = YES;
				CLANG_ENABLE_OBJC_WEAK = YES;
				CLANG_WARN_BLOCK_CAPTURE_AUTORELEASING = YES;
				CLANG_WARN_BOOL_CONVERSION = YES;
				CLANG_WARN_COMMA = YES;
				CLANG_WARN_CONSTANT_CONVERSION = YES;
				CLANG_WARN_DEPRECATED_OBJC_IMPLEMENTATIONS = YES;
				CLANG_WARN_DIRECT_OBJC_ISA_USAGE = YES_ERROR;
				CLANG_WARN_DOCUMENTATION_COMMENTS = YES;
				CLANG_WARN_EMPTY_BODY = YES;
				CLANG_WARN_ENUM_CONVERSION = YES;
				CLANG_WARN_INFINITE_RECURSION = YES;
				CLANG_WARN_INT_CONVERSION = YES;
				CLANG_WARN_NON_LITERAL_NULL_CONVERSION = YES;
				CLANG_WARN_OBJC_IMPLICIT_RETAIN_SELF = YES;
				CLANG_WARN_OBJC_LITERAL_CONVERSION = YES;
				CLANG_WARN_OBJC_ROOT_CLASS = YES_ERROR;
				CLANG_WARN_QUOTED_INCLUDE_IN_FRAMEWORK_HEADER = YES;
				CLANG_WARN_RANGE_LOOP_ANALYSIS = YES;
				CLANG_WARN_STRICT_PROTOTYPES = YES;
				CLANG_WARN_SUSPICIOUS_MOVE = YES;
				CLANG_WARN_UNGUARDED_AVAILABILITY = YES_AGGRESSIVE;
				CLANG_WARN_UNREACHABLE_CODE = YES;
				CLANG_WARN__DUPLICATE_METHOD_MATCH = YES;
				COPY_PHASE_STRIP = NO;
				DEBUG_INFORMATION_FORMAT = dwarf;
				ENABLE_STRICT_OBJC_MSGSEND = YES;
				ENABLE_TESTABILITY = YES;
				GCC_C_LANGUAGE_STANDARD = gnu11;
				GCC_DYNAMIC_NO_PIC = NO;
				GCC_NO_COMMON_BLOCKS = YES;
				GCC_OPTIMIZATION_LEVEL = 0;
				GCC_PREPROCESSOR_DEFINITIONS = (
					"DEBUG=1",
					"$(inherited)",
				);
				GCC_WARN_64_TO_32_BIT_CONVERSION = YES;
				GCC_WARN_ABOUT_RETURN_TYPE = YES_ERROR;
				GCC_WARN_UNDECLARED_SELECTOR = YES;
				GCC_WARN_UNINITIALIZED_AUTOS = YES_AGGRESSIVE;
				GCC_WARN_UNUSED_FUNCTION = YES;
				GCC_WARN_UNUSED_VARIABLE = YES;
				MTL_ENABLE_DEBUG_INFO = INCLUDE_SOURCE;
				MTL_FAST_MATH = YES;
				ONLY_ACTIVE_ARCH = YES;
				SWIFT_ACTIVE_COMPILATION_CONDITIONS = DEBUG;
				SWIFT_OPTIMIZATION_LEVEL = "-Onone";
			};
			name = Debug;
		};
		1099283F29777AA300089FDA /* Release */ = {
			isa = XCBuildConfiguration;
			buildSettings = {
				ALWAYS_SEARCH_USER_PATHS = NO;
				CLANG_ANALYZER_NONNULL = YES;
				CLANG_ANALYZER_NUMBER_OBJECT_CONVERSION = YES_AGGRESSIVE;
				CLANG_CXX_LANGUAGE_STANDARD = "gnu++20";
				CLANG_ENABLE_MODULES = YES;
				CLANG_ENABLE_OBJC_ARC = YES;
				CLANG_ENABLE_OBJC_WEAK = YES;
				CLANG_WARN_BLOCK_CAPTURE_AUTORELEASING = YES;
				CLANG_WARN_BOOL_CONVERSION = YES;
				CLANG_WARN_COMMA = YES;
				CLANG_WARN_CONSTANT_CONVERSION = YES;
				CLANG_WARN_DEPRECATED_OBJC_IMPLEMENTATIONS = YES;
				CLANG_WARN_DIRECT_OBJC_ISA_USAGE = YES_ERROR;
				CLANG_WARN_DOCUMENTATION_COMMENTS = YES;
				CLANG_WARN_EMPTY_BODY = YES;
				CLANG_WARN_ENUM_CONVERSION = YES;
				CLANG_WARN_INFINITE_RECURSION = YES;
				CLANG_WARN_INT_CONVERSION = YES;
				CLANG_WARN_NON_LITERAL_NULL_CONVERSION = YES;
				CLANG_WARN_OBJC_IMPLICIT_RETAIN_SELF = YES;
				CLANG_WARN_OBJC_LITERAL_CONVERSION = YES;
				CLANG_WARN_OBJC_ROOT_CLASS = YES_ERROR;
				CLANG_WARN_QUOTED_INCLUDE_IN_FRAMEWORK_HEADER = YES;
				CLANG_WARN_RANGE_LOOP_ANALYSIS = YES;
				CLANG_WARN_STRICT_PROTOTYPES = YES;
				CLANG_WARN_SUSPICIOUS_MOVE = YES;
				CLANG_WARN_UNGUARDED_AVAILABILITY = YES_AGGRESSIVE;
				CLANG_WARN_UNREACHABLE_CODE = YES;
				CLANG_WARN__DUPLICATE_METHOD_MATCH = YES;
				COPY_PHASE_STRIP = NO;
				DEBUG_INFORMATION_FORMAT = "dwarf-with-dsym";
				ENABLE_NS_ASSERTIONS = NO;
				ENABLE_STRICT_OBJC_MSGSEND = YES;
				GCC_C_LANGUAGE_STANDARD = gnu11;
				GCC_NO_COMMON_BLOCKS = YES;
				GCC_WARN_64_TO_32_BIT_CONVERSION = YES;
				GCC_WARN_ABOUT_RETURN_TYPE = YES_ERROR;
				GCC_WARN_UNDECLARED_SELECTOR = YES;
				GCC_WARN_UNINITIALIZED_AUTOS = YES_AGGRESSIVE;
				GCC_WARN_UNUSED_FUNCTION = YES;
				GCC_WARN_UNUSED_VARIABLE = YES;
				MTL_ENABLE_DEBUG_INFO = NO;
				MTL_FAST_MATH = YES;
				SWIFT_COMPILATION_MODE = wholemodule;
				SWIFT_OPTIMIZATION_LEVEL = "-O";
			};
			name = Release;
		};
		1099284129777AA300089FDA /* Debug */ = {
			isa = XCBuildConfiguration;
			buildSettings = {
				ASSETCATALOG_COMPILER_APPICON_NAME = AppIcon;
				ASSETCATALOG_COMPILER_GLOBAL_ACCENT_COLOR_NAME = AccentColor;
				CODE_SIGN_ENTITLEMENTS = CovidTrackr/CovidTrackr.entitlements;
				CODE_SIGN_STYLE = Automatic;
				CURRENT_PROJECT_VERSION = 1;
				DEVELOPMENT_ASSET_PATHS = "\"CovidTrackr/Preview Content\"";
				DEVELOPMENT_TEAM = L4UZB45QSC;
				ENABLE_PREVIEWS = YES;
				GENERATE_INFOPLIST_FILE = YES;
				INFOPLIST_FILE = CovidTrackr/Info.plist;
				"INFOPLIST_KEY_UIApplicationSceneManifest_Generation[sdk=iphoneos*]" = YES;
				"INFOPLIST_KEY_UIApplicationSceneManifest_Generation[sdk=iphonesimulator*]" = YES;
				"INFOPLIST_KEY_UIApplicationSupportsIndirectInputEvents[sdk=iphoneos*]" = YES;
				"INFOPLIST_KEY_UIApplicationSupportsIndirectInputEvents[sdk=iphonesimulator*]" = YES;
				"INFOPLIST_KEY_UILaunchScreen_Generation[sdk=iphoneos*]" = YES;
				"INFOPLIST_KEY_UILaunchScreen_Generation[sdk=iphonesimulator*]" = YES;
				INFOPLIST_KEY_UIStatusBarStyle = "";
				"INFOPLIST_KEY_UIStatusBarStyle[sdk=iphoneos*]" = UIStatusBarStyleDefault;
				"INFOPLIST_KEY_UIStatusBarStyle[sdk=iphonesimulator*]" = UIStatusBarStyleDefault;
				INFOPLIST_KEY_UISupportedInterfaceOrientations = UIInterfaceOrientationPortrait;
				INFOPLIST_KEY_UISupportedInterfaceOrientations_iPad = "UIInterfaceOrientationLandscapeLeft UIInterfaceOrientationLandscapeRight UIInterfaceOrientationPortrait UIInterfaceOrientationPortraitUpsideDown";
				IPHONEOS_DEPLOYMENT_TARGET = 16.0;
				LD_RUNPATH_SEARCH_PATHS = "@executable_path/Frameworks";
				"LD_RUNPATH_SEARCH_PATHS[sdk=macosx*]" = "@executable_path/../Frameworks";
				MACOSX_DEPLOYMENT_TARGET = 12.6;
				MARKETING_VERSION = 1.0;
				PRODUCT_BUNDLE_IDENTIFIER = com.amroncodes.CovidTrackr;
				PRODUCT_NAME = "$(TARGET_NAME)";
				SDKROOT = auto;
				SUPPORTED_PLATFORMS = "iphoneos iphonesimulator";
				SUPPORTS_MACCATALYST = NO;
				SUPPORTS_MAC_DESIGNED_FOR_IPHONE_IPAD = NO;
				SWIFT_EMIT_LOC_STRINGS = YES;
				SWIFT_VERSION = 5.0;
				TARGETED_DEVICE_FAMILY = "1,2";
			};
			name = Debug;
		};
		1099284229777AA300089FDA /* Release */ = {
			isa = XCBuildConfiguration;
			buildSettings = {
				ASSETCATALOG_COMPILER_APPICON_NAME = AppIcon;
				ASSETCATALOG_COMPILER_GLOBAL_ACCENT_COLOR_NAME = AccentColor;
				CODE_SIGN_ENTITLEMENTS = CovidTrackr/CovidTrackr.entitlements;
				CODE_SIGN_STYLE = Automatic;
				CURRENT_PROJECT_VERSION = 1;
				DEVELOPMENT_ASSET_PATHS = "\"CovidTrackr/Preview Content\"";
				DEVELOPMENT_TEAM = L4UZB45QSC;
				ENABLE_PREVIEWS = YES;
				GENERATE_INFOPLIST_FILE = YES;
				INFOPLIST_FILE = CovidTrackr/Info.plist;
				"INFOPLIST_KEY_UIApplicationSceneManifest_Generation[sdk=iphoneos*]" = YES;
				"INFOPLIST_KEY_UIApplicationSceneManifest_Generation[sdk=iphonesimulator*]" = YES;
				"INFOPLIST_KEY_UIApplicationSupportsIndirectInputEvents[sdk=iphoneos*]" = YES;
				"INFOPLIST_KEY_UIApplicationSupportsIndirectInputEvents[sdk=iphonesimulator*]" = YES;
				"INFOPLIST_KEY_UILaunchScreen_Generation[sdk=iphoneos*]" = YES;
				"INFOPLIST_KEY_UILaunchScreen_Generation[sdk=iphonesimulator*]" = YES;
				INFOPLIST_KEY_UIStatusBarStyle = "";
				"INFOPLIST_KEY_UIStatusBarStyle[sdk=iphoneos*]" = UIStatusBarStyleDefault;
				"INFOPLIST_KEY_UIStatusBarStyle[sdk=iphonesimulator*]" = UIStatusBarStyleDefault;
				INFOPLIST_KEY_UISupportedInterfaceOrientations = UIInterfaceOrientationPortrait;
				INFOPLIST_KEY_UISupportedInterfaceOrientations_iPad = "UIInterfaceOrientationLandscapeLeft UIInterfaceOrientationLandscapeRight UIInterfaceOrientationPortrait UIInterfaceOrientationPortraitUpsideDown";
				IPHONEOS_DEPLOYMENT_TARGET = 16.0;
				LD_RUNPATH_SEARCH_PATHS = "@executable_path/Frameworks";
				"LD_RUNPATH_SEARCH_PATHS[sdk=macosx*]" = "@executable_path/../Frameworks";
				MACOSX_DEPLOYMENT_TARGET = 12.6;
				MARKETING_VERSION = 1.0;
				PRODUCT_BUNDLE_IDENTIFIER = com.amroncodes.CovidTrackr;
				PRODUCT_NAME = "$(TARGET_NAME)";
				SDKROOT = auto;
				SUPPORTED_PLATFORMS = "iphoneos iphonesimulator";
				SUPPORTS_MACCATALYST = NO;
				SUPPORTS_MAC_DESIGNED_FOR_IPHONE_IPAD = NO;
				SWIFT_EMIT_LOC_STRINGS = YES;
				SWIFT_VERSION = 5.0;
				TARGETED_DEVICE_FAMILY = "1,2";
			};
			name = Release;
		};
/* End XCBuildConfiguration section */

/* Begin XCConfigurationList section */
		1099282C29777AA100089FDA /* Build configuration list for PBXProject "CovidTrackr" */ = {
			isa = XCConfigurationList;
			buildConfigurations = (
				1099283E29777AA300089FDA /* Debug */,
				1099283F29777AA300089FDA /* Release */,
			);
			defaultConfigurationIsVisible = 0;
			defaultConfigurationName = Release;
		};
		1099284029777AA300089FDA /* Build configuration list for PBXNativeTarget "CovidTrackr" */ = {
			isa = XCConfigurationList;
			buildConfigurations = (
				1099284129777AA300089FDA /* Debug */,
				1099284229777AA300089FDA /* Release */,
			);
			defaultConfigurationIsVisible = 0;
			defaultConfigurationName = Release;
		};
/* End XCConfigurationList section */

/* Begin XCRemoteSwiftPackageReference section */
		106D015429851B9300BBB03E /* XCRemoteSwiftPackageReference "mapbox-maps-ios" */ = {
			isa = XCRemoteSwiftPackageReference;
			repositoryURL = "https://github.com/mapbox/mapbox-maps-ios";
			requirement = {
				branch = main;
				kind = branch;
			};
		};
/* End XCRemoteSwiftPackageReference section */

/* Begin XCSwiftPackageProductDependency section */
		106D015529851B9300BBB03E /* MapboxMaps */ = {
			isa = XCSwiftPackageProductDependency;
			package = 106D015429851B9300BBB03E /* XCRemoteSwiftPackageReference "mapbox-maps-ios" */;
			productName = MapboxMaps;
		};
/* End XCSwiftPackageProductDependency section */
	};
	rootObject = 1099282929777AA100089FDA /* Project object */;
}
